
Microsoft Visual Studio Solution File, Format Version 12.00
# Visual Studio 15
VisualStudioVersion = 15.0.27703.2000
MinimumVisualStudioVersion = 10.0.40219.1
Project("{8BC9CEB8-8B4A-11D0-8D11-00A0C91BC942}") = "Kargo Takip Otomasyonu", "Kargo Takip Otomasyonu\Kargo Takip Otomasyonu.vcxproj", "{31CF7572-3262-4D23-BC90-44B377A4DBEE}"
EndProject
Global
	GlobalSection(SolutionConfigurationPlatforms) = preSolution
		Debug|x64 = Debug|x64
		Debug|x86 = Debug|x86
		Release|x64 = Release|x64
		Release|x86 = Release|x86
	EndGlobalSection
	GlobalSection(ProjectConfigurationPlatforms) = postSolution
		{31CF7572-3262-4D23-BC90-44B377A4DBEE}.Debug|x64.ActiveCfg = Debug|x64
		{31CF7572-3262-4D23-BC90-44B377A4DBEE}.Debug|x64.Build.0 = Debug|x64
		{31CF7572-3262-4D23-BC90-44B377A4DBEE}.Debug|x86.ActiveCfg = Debug|Win32
		{31CF7572-3262-4D23-BC90-44B377A4DBEE}.Debug|x86.Build.0 = Debug|Win32
		{31CF7572-3262-4D23-BC90-44B377A4DBEE}.Release|x64.ActiveCfg = Release|x64
		{31CF7572-3262-4D23-BC90-44B377A4DBEE}.Release|x64.Build.0 = Release|x64
		{31CF7572-3262-4D23-BC90-44B377A4DBEE}.Release|x86.ActiveCfg = Release|Win32
		{31CF7572-3262-4D23-BC90-44B377A4DBEE}.Release|x86.Build.0 = Release|Win32
	EndGlobalSection
	GlobalSection(SolutionProperties) = preSolution
		HideSolutionNode = FALSE
	EndGlobalSection
	GlobalSection(ExtensibilityGlobals) = postSolution
		SolutionGuid = {A7DD1151-ECCF-4ACE-A311-9557F0BFEBF5}
	EndGlobalSection
EndGlobal
